// !$*UTF8*$!
{
	archiveVersion = 1;
	classes = {
	};
	objectVersion = 46;
	objects = {

/* Begin PBXBuildFile section */
		D31219C71C8AF33A0056B3D1 /* main.m in Sources */ = {isa = PBXBuildFile; fileRef = D31219C61C8AF3390056B3D1 /* main.m */; };
		D31219CA1C8AF33A0056B3D1 /* AppDelegate.m in Sources */ = {isa = PBXBuildFile; fileRef = D31219C91C8AF33A0056B3D1 /* AppDelegate.m */; };
		D31219CD1C8AF33A0056B3D1 /* ViewController.m in Sources */ = {isa = PBXBuildFile; fileRef = D31219CC1C8AF33A0056B3D1 /* ViewController.m */; };
		D31219D01C8AF33A0056B3D1 /* Main.storyboard in Resources */ = {isa = PBXBuildFile; fileRef = D31219CE1C8AF33A0056B3D1 /* Main.storyboard */; };
		D31219D21C8AF33A0056B3D1 /* Assets.xcassets in Resources */ = {isa = PBXBuildFile; fileRef = D31219D11C8AF33A0056B3D1 /* Assets.xcassets */; };
		D31219D51C8AF33A0056B3D1 /* LaunchScreen.storyboard in Resources */ = {isa = PBXBuildFile; fileRef = D31219D31C8AF33A0056B3D1 /* LaunchScreen.storyboard */; };
/* End PBXBuildFile section */

/* Begin PBXFileReference section */
		D31219C21C8AF3390056B3D1 /* 新浪微博.app */ = {isa = PBXFileReference; explicitFileType = wrapper.application; includeInIndex = 0; path = "新浪微博.app"; sourceTree = BUILT_PRODUCTS_DIR; };
		D31219C61C8AF3390056B3D1 /* main.m */ = {isa = PBXFileReference; lastKnownFileType = sourcecode.c.objc; path = main.m; sourceTree = "<group>"; };
		D31219C81C8AF33A0056B3D1 /* AppDelegate.h */ = {isa = PBXFileReference; lastKnownFileType = sourcecode.c.h; path = AppDelegate.h; sourceTree = "<group>"; };
		D31219C91C8AF33A0056B3D1 /* AppDelegate.m */ = {isa = PBXFileReference; lastKnownFileType = sourcecode.c.objc; path = AppDelegate.m; sourceTree = "<group>"; };
		D31219CB1C8AF33A0056B3D1 /* ViewController.h */ = {isa = PBXFileReference; lastKnownFileType = sourcecode.c.h; path = ViewController.h; sourceTree = "<group>"; };
		D31219CC1C8AF33A0056B3D1 /* ViewController.m */ = {isa = PBXFileReference; lastKnownFileType = sourcecode.c.objc; path = ViewController.m; sourceTree = "<group>"; };
		D31219CF1C8AF33A0056B3D1 /* Base */ = {isa = PBXFileReference; lastKnownFileType = file.storyboard; name = Base; path = Base.lproj/Main.storyboard; sourceTree = "<group>"; };
		D31219D11C8AF33A0056B3D1 /* Assets.xcassets */ = {isa = PBXFileReference; lastKnownFileType = folder.assetcatalog; path = Assets.xcassets; sourceTree = "<group>"; };
		D31219D41C8AF33A0056B3D1 /* Base */ = {isa = PBXFileReference; lastKnownFileType = file.storyboard; name = Base; path = Base.lproj/LaunchScreen.storyboard; sourceTree = "<group>"; };
		D31219D61C8AF33A0056B3D1 /* Info.plist */ = {isa = PBXFileReference; lastKnownFileType = text.plist.xml; path = Info.plist; sourceTree = "<group>"; };
		D31219DC1C8B00DC0056B3D1 /* 框架.h */ = {isa = PBXFileReference; lastKnownFileType = sourcecode.c.h; path = "框架.h"; sourceTree = "<group>"; };
/* End PBXFileReference section */

/* Begin PBXFrameworksBuildPhase section */
		D31219BF1C8AF3390056B3D1 /* Frameworks */ = {
			isa = PBXFrameworksBuildPhase;
			buildActionMask = 2147483647;
			files = (
			);
			runOnlyForDeploymentPostprocessing = 0;
		};
/* End PBXFrameworksBuildPhase section */

/* Begin PBXGroup section */
		D31219B91C8AF3390056B3D1 = {
			isa = PBXGroup;
			children = (
				D31219DC1C8B00DC0056B3D1 /* 框架.h */,
				D31219C41C8AF3390056B3D1 /* 新浪微博 */,
				D31219C31C8AF3390056B3D1 /* Products */,
			);
			sourceTree = "<group>";
		};
		D31219C31C8AF3390056B3D1 /* Products */ = {
			isa = PBXGroup;
			children = (
				D31219C21C8AF3390056B3D1 /* 新浪微博.app */,
			);
			name = Products;
			sourceTree = "<group>";
		};
		D31219C41C8AF3390056B3D1 /* 新浪微博 */ = {
			isa = PBXGroup;
			children = (
				D31219C81C8AF33A0056B3D1 /* AppDelegate.h */,
				D31219C91C8AF33A0056B3D1 /* AppDelegate.m */,
				D31219CB1C8AF33A0056B3D1 /* ViewController.h */,
				D31219CC1C8AF33A0056B3D1 /* ViewController.m */,
				D31219CE1C8AF33A0056B3D1 /* Main.storyboard */,
				D31219D11C8AF33A0056B3D1 /* Assets.xcassets */,
				D31219D31C8AF33A0056B3D1 /* LaunchScreen.storyboard */,
				D31219D61C8AF33A0056B3D1 /* Info.plist */,
				D31219C51C8AF3390056B3D1 /* Supporting Files */,
			);
			path = "新浪微博";
			sourceTree = "<group>";
		};
		D31219C51C8AF3390056B3D1 /* Supporting Files */ = {
			isa = PBXGroup;
			children = (
				D31219C61C8AF3390056B3D1 /* main.m */,
			);
			name = "Supporting Files";
			sourceTree = "<group>";
		};
/* End PBXGroup section */

/* Begin PBXNativeTarget section */
		D31219C11C8AF3390056B3D1 /* 新浪微博 */ = {
			isa = PBXNativeTarget;
			buildConfigurationList = D31219D91C8AF33A0056B3D1 /* Build configuration list for PBXNativeTarget "新浪微博" */;
			buildPhases = (
				D31219BE1C8AF3390056B3D1 /* Sources */,
				D31219BF1C8AF3390056B3D1 /* Frameworks */,
				D31219C01C8AF3390056B3D1 /* Resources */,
			);
			buildRules = (
			);
			dependencies = (
			);
			name = "新浪微博";
			productName = "新浪微博";
			productReference = D31219C21C8AF3390056B3D1 /* 新浪微博.app */;
			productType = "com.apple.product-type.application";
		};
/* End PBXNativeTarget section */

/* Begin PBXProject section */
		D31219BA1C8AF3390056B3D1 /* Project object */ = {
			isa = PBXProject;
			attributes = {
				LastUpgradeCheck = 0700;
				ORGANIZATIONNAME = itcast;
				TargetAttributes = {
					D31219C11C8AF3390056B3D1 = {
						CreatedOnToolsVersion = 7.0;
						DevelopmentTeam = YA5U92PA73;
					};
				};
			};
			buildConfigurationList = D31219BD1C8AF3390056B3D1 /* Build configuration list for PBXProject "新浪微博" */;
			compatibilityVersion = "Xcode 3.2";
			developmentRegion = English;
			hasScannedForEncodings = 0;
			knownRegions = (
				en,
				Base,
			);
			mainGroup = D31219B91C8AF3390056B3D1;
			productRefGroup = D31219C31C8AF3390056B3D1 /* Products */;
			projectDirPath = "";
			projectRoot = "";
			targets = (
				D31219C11C8AF3390056B3D1 /* 新浪微博 */,
			);
		};
/* End PBXProject section */

/* Begin PBXResourcesBuildPhase section */
		D31219C01C8AF3390056B3D1 /* Resources */ = {
			isa = PBXResourcesBuildPhase;
			buildActionMask = 2147483647;
			files = (
				D31219D51C8AF33A0056B3D1 /* LaunchScreen.storyboard in Resources */,
				D31219D21C8AF33A0056B3D1 /* Assets.xcassets in Resources */,
				D31219D01C8AF33A0056B3D1 /* Main.storyboard in Resources */,
			);
			runOnlyForDeploymentPostprocessing = 0;
		};
/* End PBXResourcesBuildPhase section */

/* Begin PBXSourcesBuildPhase section */
		D31219BE1C8AF3390056B3D1 /* Sources */ = {
			isa = PBXSourcesBuildPhase;
			buildActionMask = 2147483647;
			files = (
				D31219CD1C8AF33A0056B3D1 /* ViewController.m in Sources */,
				D31219CA1C8AF33A0056B3D1 /* AppDelegate.m in Sources */,
				D31219C71C8AF33A0056B3D1 /* main.m in Sources */,
			);
			runOnlyForDeploymentPostprocessing = 0;
		};
/* End PBXSourcesBuildPhase section */

/* Begin PBXVariantGroup section */
		D31219CE1C8AF33A0056B3D1 /* Main.storyboard */ = {
			isa = PBXVariantGroup;
			children = (
				D31219CF1C8AF33A0056B3D1 /* Base */,
			);
			name = Main.storyboard;
			sourceTree = "<group>";
		};
		D31219D31C8AF33A0056B3D1 /* LaunchScreen.storyboard */ = {
			isa = PBXVariantGroup;
			children = (
				D31219D41C8AF33A0056B3D1 /* Base */,
			);
			name = LaunchScreen.storyboard;
			sourceTree = "<group>";
		};
/* End PBXVariantGroup section */

/* Begin XCBuildConfiguration section */
		D31219D71C8AF33A0056B3D1 /* Debug */ = {
			isa = XCBuildConfiguration;
			buildSettings = {
				ALWAYS_SEARCH_USER_PATHS = NO;
				CLANG_CXX_LANGUAGE_STANDARD = "gnu++0x";
				CLANG_CXX_LIBRARY = "libc++";
				CLANG_ENABLE_MODULES = YES;
				CLANG_ENABLE_OBJC_ARC = YES;
				CLANG_WARN_BOOL_CONVERSION = YES;
				CLANG_WARN_CONSTANT_CONVERSION = YES;
				CLANG_WARN_DIRECT_OBJC_ISA_USAGE = YES_ERROR;
				CLANG_WARN_EMPTY_BODY = YES;
				CLANG_WARN_ENUM_CONVERSION = YES;
				CLANG_WARN_INT_CONVERSION = YES;
				CLANG_WARN_OBJC_ROOT_CLASS = YES_ERROR;
				CLANG_WARN_UNREACHABLE_CODE = YES;
				CLANG_WARN__DUPLICATE_METHOD_MATCH = YES;
				"CODE_SIGN_IDENTITY[sdk=iphoneos*]" = "iPhone Developer";
				COPY_PHASE_STRIP = NO;
				DEBUG_INFORMATION_FORMAT = dwarf;
				ENABLE_STRICT_OBJC_MSGSEND = YES;
				ENABLE_TESTABILITY = YES;
				GCC_C_LANGUAGE_STANDARD = gnu99;
				GCC_DYNAMIC_NO_PIC = NO;
				GCC_NO_COMMON_BLOCKS = YES;
				GCC_OPTIMIZATION_LEVEL = 0;
				GCC_PREPROCESSOR_DEFINITIONS = (
					"DEBUG=1",
					"$(inherited)",
				);
				GCC_WARN_64_TO_32_BIT_CONVERSION = YES;
				GCC_WARN_ABOUT_RETURN_TYPE = YES_ERROR;
				GCC_WARN_UNDECLARED_SELECTOR = YES;
				GCC_WARN_UNINITIALIZED_AUTOS = YES_AGGRESSIVE;
				GCC_WARN_UNUSED_FUNCTION = YES;
				GCC_WARN_UNUSED_VARIABLE = YES;
				IPHONEOS_DEPLOYMENT_TARGET = 9.0;
				MTL_ENABLE_DEBUG_INFO = YES;
				ONLY_ACTIVE_ARCH = YES;
				SDKROOT = iphoneos;
			};
			name = Debug;
		};
		D31219D81C8AF33A0056B3D1 /* Release */ = {
			isa = XCBuildConfiguration;
			buildSettings = {
				ALWAYS_SEARCH_USER_PATHS = NO;
				CLANG_CXX_LANGUAGE_STANDARD = "gnu++0x";
				CLANG_CXX_LIBRARY = "libc++";
				CLANG_ENABLE_MODULES = YES;
				CLANG_ENABLE_OBJC_ARC = YES;
				CLANG_WARN_BOOL_CONVERSION = YES;
				CLANG_WARN_CONSTANT_CONVERSION = YES;
				CLANG_WARN_DIRECT_OBJC_ISA_USAGE = YES_ERROR;
				CLANG_WARN_EMPTY_BODY = YES;
				CLANG_WARN_ENUM_CONVERSION = YES;
				CLANG_WARN_INT_CONVERSION = YES;
				CLANG_WARN_OBJC_ROOT_CLASS = YES_ERROR;
				CLANG_WARN_UNREACHABLE_CODE = YES;
				CLANG_WARN__DUPLICATE_METHOD_MATCH = YES;
				"CODE_SIGN_IDENTITY[sdk=iphoneos*]" = "iPhone Developer";
				COPY_PHASE_STRIP = NO;
				DEBUG_INFORMATION_FORMAT = "dwarf-with-dsym";
				ENABLE_NS_ASSERTIONS = NO;
				ENABLE_STRICT_OBJC_MSGSEND = YES;
				GCC_C_LANGUAGE_STANDARD = gnu99;
				GCC_NO_COMMON_BLOCKS = YES;
				GCC_WARN_64_TO_32_BIT_CONVERSION = YES;
				GCC_WARN_ABOUT_RETURN_TYPE = YES_ERROR;
				GCC_WARN_UNDECLARED_SELECTOR = YES;
				GCC_WARN_UNINITIALIZED_AUTOS = YES_AGGRESSIVE;
				GCC_WARN_UNUSED_FUNCTION = YES;
				GCC_WARN_UNUSED_VARIABLE = YES;
				IPHONEOS_DEPLOYMENT_TARGET = 9.0;
				MTL_ENABLE_DEBUG_INFO = NO;
				SDKROOT = iphoneos;
				VALIDATE_PRODUCT = YES;
			};
			name = Release;
		};
		D31219DA1C8AF33A0056B3D1 /* Debug */ = {
			isa = XCBuildConfiguration;
			buildSettings = {
				ASSETCATALOG_COMPILER_APPICON_NAME = AppIcon;
				CODE_SIGN_IDENTITY = "iPhone Developer";
				"CODE_SIGN_IDENTITY[sdk=iphoneos*]" = "iPhone Developer";
				INFOPLIST_FILE = "新浪微博/Info.plist";
				LD_RUNPATH_SEARCH_PATHS = "$(inherited) @executable_path/Frameworks";
				PRODUCT_BUNDLE_IDENTIFIER = cn.itcast.iosjj;
				PRODUCT_NAME = "$(TARGET_NAME)";
				PROVISIONING_PROFILE = "";
			};
			name = Debug;
		};
		D31219DB1C8AF33A0056B3D1 /* Release */ = {
			isa = XCBuildConfiguration;
			buildSettings = {
				ASSETCATALOG_COMPILER_APPICON_NAME = AppIcon;
				CODE_SIGN_IDENTITY = "iPhone Developer";
				"CODE_SIGN_IDENTITY[sdk=iphoneos*]" = "iPhone Developer";
				INFOPLIST_FILE = "新浪微博/Info.plist";
				LD_RUNPATH_SEARCH_PATHS = "$(inherited) @executable_path/Frameworks";
				PRODUCT_BUNDLE_IDENTIFIER = cn.itcast.iosjj;
				PRODUCT_NAME = "$(TARGET_NAME)";
				PROVISIONING_PROFILE = "";
			};
			name = Release;
		};
/* End XCBuildConfiguration section */

/* Begin XCConfigurationList section */
		D31219BD1C8AF3390056B3D1 /* Build configuration list for PBXProject "新浪微博" */ = {
			isa = XCConfigurationList;
			buildConfigurations = (
				D31219D71C8AF33A0056B3D1 /* Debug */,
				D31219D81C8AF33A0056B3D1 /* Release */,
			);
			defaultConfigurationIsVisible = 0;
			defaultConfigurationName = Release;
		};
		D31219D91C8AF33A0056B3D1 /* Build configuration list for PBXNativeTarget "新浪微博" */ = {
			isa = XCConfigurationList;
			buildConfigurations = (
				D31219DA1C8AF33A0056B3D1 /* Debug */,
				D31219DB1C8AF33A0056B3D1 /* Release */,
			);
			defaultConfigurationIsVisible = 0;
			defaultConfigurationName = Release;
		};
/* End XCConfigurationList section */
	};
	rootObject = D31219BA1C8AF3390056B3D1 /* Project object */;
}
